
Microsoft Visual Studio Solution File, Format Version 12.00
# Visual Studio Version 17
VisualStudioVersion = 17.5.33530.505
MinimumVisualStudioVersion = 10.0.40219.1
Project("{FAE04EC0-301F-11D3-BF4B-00C04F79EFBC}") = "OOPHamburgerciLibrary", "OOPHamburgerci\OOPHamburgerciLibrary.csproj", "{B208D146-9AC7-474A-B265-F169E3B60665}"
EndProject
Project("{FAE04EC0-301F-11D3-BF4B-00C04F79EFBC}") = "OOPHamburgerciUi", "OOPHamburgerciUi\OOPHamburgerciUi.csproj", "{41891F5E-9F9E-4571-81AA-965A4E37BE09}"
EndProject
Global
	GlobalSection(SolutionConfigurationPlatforms) = preSolution
		Debug|Any CPU = Debug|Any CPU
		Release|Any CPU = Release|Any CPU
	EndGlobalSection
	GlobalSection(ProjectConfigurationPlatforms) = postSolution
		{B208D146-9AC7-474A-B265-F169E3B60665}.Debug|Any CPU.ActiveCfg = Debug|Any CPU
		{B208D146-9AC7-474A-B265-F169E3B60665}.Debug|Any CPU.Build.0 = Debug|Any CPU
		{B208D146-9AC7-474A-B265-F169E3B60665}.Release|Any CPU.ActiveCfg = Release|Any CPU
		{B208D146-9AC7-474A-B265-F169E3B60665}.Release|Any CPU.Build.0 = Release|Any CPU
		{41891F5E-9F9E-4571-81AA-965A4E37BE09}.Debug|Any CPU.ActiveCfg = Debug|Any CPU
		{41891F5E-9F9E-4571-81AA-965A4E37BE09}.Debug|Any CPU.Build.0 = Debug|Any CPU
		{41891F5E-9F9E-4571-81AA-965A4E37BE09}.Release|Any CPU.ActiveCfg = Release|Any CPU
		{41891F5E-9F9E-4571-81AA-965A4E37BE09}.Release|Any CPU.Build.0 = Release|Any CPU
	EndGlobalSection
	GlobalSection(SolutionProperties) = preSolution
		HideSolutionNode = FALSE
	EndGlobalSection
	GlobalSection(ExtensibilityGlobals) = postSolution
		SolutionGuid = {1D8FAAB0-B6AD-4509-A7C6-49A469551A78}
	EndGlobalSection
EndGlobal
